
Microsoft Visual Studio Solution File, Format Version 12.00
# Visual Studio Version 16
VisualStudioVersion = 16.0.30128.74
MinimumVisualStudioVersion = 10.0.40219.1
Project("{FAE04EC0-301F-11D3-BF4B-00C04F79EFBC}") = "AWSPlugin", "AWSPlugin\AWSPlugin.csproj", "{7B260324-8B9D-4D0E-98E1-66E4961B0D3D}"
EndProject
Global
	GlobalSection(SolutionConfigurationPlatforms) = preSolution
		Debug|Any CPU = Debug|Any CPU
		Release|Any CPU = Release|Any CPU
	EndGlobalSection
	GlobalSection(ProjectConfigurationPlatforms) = postSolution
		{7B260324-8B9D-4D0E-98E1-66E4961B0D3D}.Debug|Any CPU.ActiveCfg = Debug|Any CPU
		{7B260324-8B9D-4D0E-98E1-66E4961B0D3D}.Debug|Any CPU.Build.0 = Debug|Any CPU
		{7B260324-8B9D-4D0E-98E1-66E4961B0D3D}.Release|Any CPU.ActiveCfg = Release|Any CPU
		{7B260324-8B9D-4D0E-98E1-66E4961B0D3D}.Release|Any CPU.Build.0 = Release|Any CPU
	EndGlobalSection
	GlobalSection(SolutionProperties) = preSolution
		HideSolutionNode = FALSE
	EndGlobalSection
	GlobalSection(ExtensibilityGlobals) = postSolution
		SolutionGuid = {DB929378-CAFA-4496-B983-7EA5911ED366}
	EndGlobalSection
EndGlobal
